# THIS IS AN AUTOGENERATED FILE. DO NOT EDIT THIS FILE DIRECTLY.
# yarn lockfile v1


"@babel/parser@^7.23.5":
  version "7.23.6"
  resolved "https://registry.yarnpkg.com/@babel/parser/-/parser-7.23.6.tgz#ba1c9e512bda72a47e285ae42aff9d2a635a9e3b"
  integrity sha512-Z2uID7YJ7oNvAI20O9X0bblw7Qqs8Q2hFy0R9tAfnfLkp5MW0UH9eUvnDSnFwKZ0AvgS1ucqR4KzvVHgnke1VQ==

"@benjypng/logseq-request@^1.0.2":
  version "1.0.2"
  resolved "https://registry.npmmirror.com/@benjypng/logseq-request/-/logseq-request-1.0.2.tgz#4fc927bb22fc62548f7bedb160f6c31a19ba58a0"
  integrity sha512-6oUJ3FDYePJ/7l04Us6m+EEVF8n9zWPgqzouMhWpQ5RI8pLqXIHQNsbhTxIXC2yZo9LsJyNhcRfOKwlRpEk+Yw==

"@esbuild/linux-loong64@0.14.54":
  version "0.14.54"
  resolved "https://registry.yarnpkg.com/@esbuild/linux-loong64/-/linux-loong64-0.14.54.tgz#de2a4be678bd4d0d1ffbb86e6de779cde5999028"
  integrity sha512-bZBrLAIX1kpWelV0XemxBZllyRmM6vgFQQG2GdNb+r3Fkp0FOh1NJSvekXDs7jq70k4euu1cryLMfU+mTXlEpw==

"@jridgewell/sourcemap-codec@^1.4.15":
  version "1.4.15"
  resolved "https://registry.yarnpkg.com/@jridgewell/sourcemap-codec/-/sourcemap-codec-1.4.15.tgz#d7c6e6755c78567a951e04ab52ef0fd26de59f32"
  integrity sha512-eF2rxCRulEKXHTRiDrDy6erMYWqNw4LPdQ8UQA4huuxaQsVeRPFl2oM8oDGxMFhJUWZf9McpLtJasDDZb/Bpeg==

"@logseq/libs@^0.3.4":
  version "0.3.4"
  resolved "https://registry.npmmirror.com/@logseq/libs/-/libs-0.3.4.tgz#3f7fca51e4e9134bba9ff5aa728bc913d106b9b5"
  integrity sha512-/68j0j8Ps7PgEuKsWQhUoiLoineTQNH/DHTBQ07NX8M31rqSpWuZaI6fFhfWv46qLIK0Q9Gz+SKQf6XMQ9ADag==
  dependencies:
    change-case "^5.4.4"
    csstype "3.2.3"
    debug "4.4.3"
    deepmerge "4.3.1"
    dompurify "3.3.3"
    eventemitter3 "5.0.4"
    fast-deep-equal "3.1.3"
    lodash-es "4.17.23"
    path "0.12.7"

"@parcel/watcher-android-arm64@2.6.0":
  version "2.6.0"
  resolved "https://registry.npmmirror.com/@parcel/watcher-android-arm64/-/watcher-android-arm64-2.6.0.tgz#99aaa3223d43807c9340af439cad7e9b6d26ada6"
  integrity sha512-trgpLSCKRC/huFjXX/Smh+0sWe4+YtKfktIToiMl59ghz7z+qkH6kMvNnUbLyRs9N11t8l4svSCs1+5B3rOAhA==

"@parcel/watcher-darwin-arm64@2.6.0":
  version "2.6.0"
  resolved "https://registry.npmmirror.com/@parcel/watcher-darwin-arm64/-/watcher-darwin-arm64-2.6.0.tgz#024496e586b4744f09ce532bbe89fe38ef02a64e"
  integrity sha512-Y3QV0gl7Q1zbfueunkWIERICbEojQFCgpyG7YqOGNFLsckXyI1xu9mAIUpKY9QBYzBtSkN8dBPwd3yiAO9ovMw==

"@parcel/watcher-darwin-x64@2.6.0":
  version "2.6.0"
  resolved "https://registry.npmmirror.com/@parcel/watcher-darwin-x64/-/watcher-darwin-x64-2.6.0.tgz#a4621df1359a93d39a332d9bab5ff09016a0608f"
  integrity sha512-Ohv6OpzhUfKYD7Beb8kDvG0jbIxORCYY1JRdZnaBtnjjkJxgD7ZVL0nw2sCYd0yTMKTvz3nnTnOF3cDifK+kvw==

"@parcel/watcher-freebsd-x64@2.6.0":
  version "2.6.0"
  resolved "https://registry.npmmirror.com/@parcel/watcher-freebsd-x64/-/watcher-freebsd-x64-2.6.0.tgz#7f565ed1a5b3a5e604e6a4799121518265d62a3d"
  integrity sha512-5HmXvDgs8VK+74jF9y9/2FE3/OnlcKmc56tjmSrEuZjpSZOGL+fvAu+HKJBdPs9uwoP2hE6TlSUpXZ/C5jUFmQ==

"@parcel/watcher-linux-arm-glibc@2.6.0":
  version "2.6.0"
  resolved "https://registry.npmmirror.com/@parcel/watcher-linux-arm-glibc/-/watcher-linux-arm-glibc-2.6.0.tgz#ad7d3825e67b81999165da42593022045abc0889"
  integrity sha512-Ps/hui3A+vMbjdqlqAowK2ZL8+BO8dBjxeWXj6npTBs3jx4wWmbPpaLuqwrQrSqIVMCnpWo238bJ1U37GhQOYg==

"@parcel/watcher-linux-arm-musl@2.6.0":
  version "2.6.0"
  resolved "https://registry.npmmirror.com/@parcel/watcher-linux-arm-musl/-/watcher-linux-arm-musl-2.6.0.tgz#fe7d1cccb2c483215c090e938cf5cf404d2f9a8c"
  integrity sha512-9c6AUHgHoG+IY88MRIHupztQiQnrbqHYQjkM2btA+Bf/wQnQMuiD0Wfk1EVv3TlNT3x41uU71rn6E4xh/+zvkw==

"@parcel/watcher-linux-arm64-glibc@2.6.0":
  version "2.6.0"
  resolved "https://registry.npmmirror.com/@parcel/watcher-linux-arm64-glibc/-/watcher-linux-arm64-glibc-2.6.0.tgz#7e239dcb4646c4c79f006a7131a48238249530da"
  integrity sha512-yHRqS2owEXe6Hic9z6Mh1ECsCd+ODVOGvZDyciqRd21+v+o+DnXMOrw50DSpIG2sb8GPEaPPmfeCAWKPJdq46g==

"@parcel/watcher-linux-arm64-musl@2.6.0":
  version "2.6.0"
  resolved "https://registry.npmmirror.com/@parcel/watcher-linux-arm64-musl/-/watcher-linux-arm64-musl-2.6.0.tgz#c58b8d9c6d8d81594be00dd83aab741c1aaf7e0e"
  integrity sha512-WhB2e/V7rqdHHWZusBSPuy5Ei8S6lSz6FE5TKKQz5h3a0O+C+mhY7vxU9b/stqvMb8beLnPY82ZrFTLKs+SrKA==

"@parcel/watcher-linux-x64-glibc@2.6.0":
  version "2.6.0"
  resolved "https://registry.npmmirror.com/@parcel/watcher-linux-x64-glibc/-/watcher-linux-x64-glibc-2.6.0.tgz#5184fa9a770478d86e56875f4ee163a0abdc8791"
  integrity sha512-ulGE6x6Oz6iAwg75T8YQSoguBWasniIbX+QWpaYPcCnDOpdWX3k+4xbEYPZVLxOuoJI+svJJPD3sEj8G7lrQ3A==

"@parcel/watcher-linux-x64-musl@2.6.0":
  version "2.6.0"
  resolved "https://registry.npmmirror.com/@parcel/watcher-linux-x64-musl/-/watcher-linux-x64-musl-2.6.0.tgz#2d1c55aa7246cbc7670e2612058a8a542c9cf246"
  integrity sha512-tkBYKt7YQrjIJWYDnto2YgO8MRkjlMTSNoRHzsXinBqbLdeOM3L32wPZJvIZxqaLMfSlS/4sUjH/6STVP/XDLw==

"@parcel/watcher-win32-arm64@2.6.0":
  version "2.6.0"
  resolved "https://registry.npmmirror.com/@parcel/watcher-win32-arm64/-/watcher-win32-arm64-2.6.0.tgz#15e09432040fee9e2213aa9c10ed589012526def"
  integrity sha512-gIZAP23jaHjGWasY/TY6yL7NHFClf0Ga7FN+iINvk+KN94rhm94lYZhFsbYFNcA04/onvGD9kKmiJLJB2HbNwQ==

"@parcel/watcher-win32-x64@2.6.0":
  version "2.6.0"
  resolved "https://registry.npmmirror.com/@parcel/watcher-win32-x64/-/watcher-win32-x64-2.6.0.tgz#9bee199a2a4accd557b451ac2c1c793f305ae012"
  integrity sha512-cA+/pXV2YkfxlIcXOQ5fSWqAzzPyD78/x5qbK/I0vUkrlYHA8TIz+MXjAbGouguKVSI4bOmkTSJ1/poVSsgt+A==

"@parcel/watcher@^2.4.1":
  version "2.6.0"
  resolved "https://registry.npmmirror.com/@parcel/watcher/-/watcher-2.6.0.tgz#99661f6220070b76a766aba6b7e313a087a1be4f"
  integrity sha512-7FNeNl8NCE7aINx7WXiKQrPYZWC/hvrTsmk6zmxbI7LTXE7hVek/n8AfVgpe2y82zl3w0HvCHN0bVKMBoJcC0w==
  dependencies:
    detect-libc "^2.0.3"
    is-glob "^4.0.3"
    node-addon-api "^7.0.0"
    picomatch "^4.0.4"
  optionalDependencies:
    "@parcel/watcher-android-arm64" "2.6.0"
    "@parcel/watcher-darwin-arm64" "2.6.0"
    "@parcel/watcher-darwin-x64" "2.6.0"
    "@parcel/watcher-freebsd-x64" "2.6.0"
    "@parcel/watcher-linux-arm-glibc" "2.6.0"
    "@parcel/watcher-linux-arm-musl" "2.6.0"
    "@parcel/watcher-linux-arm64-glibc" "2.6.0"
    "@parcel/watcher-linux-arm64-musl" "2.6.0"
    "@parcel/watcher-linux-x64-glibc" "2.6.0"
    "@parcel/watcher-linux-x64-musl" "2.6.0"
    "@parcel/watcher-win32-arm64" "2.6.0"
    "@parcel/watcher-win32-x64" "2.6.0"

"@types/trusted-types@^2.0.7":
  version "2.0.7"
  resolved "https://registry.npmmirror.com/@types/trusted-types/-/trusted-types-2.0.7.tgz#baccb07a970b91707df3a3e8ba6896c57ead2d11"
  integrity sha512-ScaPdn1dQczgbl0QFTeTOmVHFULt394XJgOQNoyVhZ6r2vLnMLJfBPd53SB52T/3G36VI1/g2MZaX0cwDuXsfw==

"@vitejs/plugin-vue@2.0.0":
  version "2.0.0"
  resolved "https://registry.yarnpkg.com/@vitejs/plugin-vue/-/plugin-vue-2.0.0.tgz#5b5879cae44f48874196d018213bf1dbaca8f4ea"
  integrity sha512-4Xn1h9OcaAf7KYrvz2oEi52fCCCLcCzyr3pDOrzYTWrs0DrzNOXt9fT5IiGb1f/uoNTdX3aAkXVGNXrGkzF/zw==

"@vue/compiler-core@3.3.13":
  version "3.3.13"
  resolved "https://registry.yarnpkg.com/@vue/compiler-core/-/compiler-core-3.3.13.tgz#b3d5f8f84caee5de3f31d95cb568d899fd19c599"
  integrity sha512-bwi9HShGu7uaZLOErZgsH2+ojsEdsjerbf2cMXPwmvcgZfVPZ2BVZzCVnwZBxTAYd6Mzbmf6izcUNDkWnBBQ6A==
  dependencies:
    "@babel/parser" "^7.23.5"
    "@vue/shared" "3.3.13"
    estree-walker "^2.0.2"
    source-map-js "^1.0.2"

"@vue/compiler-dom@3.3.13":
  version "3.3.13"
  resolved "https://registry.yarnpkg.com/@vue/compiler-dom/-/compiler-dom-3.3.13.tgz#d029e222e545e7ab00be35aafd3abed167f962bf"
  integrity sha512-EYRDpbLadGtNL0Gph+HoKiYqXLqZ0xSSpR5Dvnu/Ep7ggaCbjRDIus1MMxTS2Qm0koXED4xSlvTZaTnI8cYAsw==
  dependencies:
    "@vue/compiler-core" "3.3.13"
    "@vue/shared" "3.3.13"

"@vue/compiler-sfc@3.3.13":
  version "3.3.13"
  resolved "https://registry.yarnpkg.com/@vue/compiler-sfc/-/compiler-sfc-3.3.13.tgz#7b397acefd5c0c3808701d2855be88c4be60155c"
  integrity sha512-DQVmHEy/EKIgggvnGRLx21hSqnr1smUS9Aq8tfxiiot8UR0/pXKHN9k78/qQ7etyQTFj5em5nruODON7dBeumw==
  dependencies:
    "@babel/parser" "^7.23.5"
    "@vue/compiler-core" "3.3.13"
    "@vue/compiler-dom" "3.3.13"
    "@vue/compiler-ssr" "3.3.13"
    "@vue/reactivity-transform" "3.3.13"
    "@vue/shared" "3.3.13"
    estree-walker "^2.0.2"
    magic-string "^0.30.5"
    postcss "^8.4.32"
    source-map-js "^1.0.2"

"@vue/compiler-ssr@3.3.13":
  version "3.3.13"
  resolved "https://registry.yarnpkg.com/@vue/compiler-ssr/-/compiler-ssr-3.3.13.tgz#ad8748abff8d738ac9c6a3c47be42020f0fbaa63"
  integrity sha512-d/P3bCeUGmkJNS1QUZSAvoCIW4fkOKK3l2deE7zrp0ypJEy+En2AcypIkqvcFQOcw3F0zt2VfMvNsA9JmExTaw==
  dependencies:
    "@vue/compiler-dom" "3.3.13"
    "@vue/shared" "3.3.13"

"@vue/reactivity-transform@3.3.13":
  version "3.3.13"
  resolved "https://registry.yarnpkg.com/@vue/reactivity-transform/-/reactivity-transform-3.3.13.tgz#dc8e9be961865dc666e367e1aaaea0716afa5c90"
  integrity sha512-oWnydGH0bBauhXvh5KXUy61xr9gKaMbtsMHk40IK9M4gMuKPJ342tKFarY0eQ6jef8906m35q37wwA8DMZOm5Q==
  dependencies:
    "@babel/parser" "^7.23.5"
    "@vue/compiler-core" "3.3.13"
    "@vue/shared" "3.3.13"
    estree-walker "^2.0.2"
    magic-string "^0.30.5"

"@vue/reactivity@3.3.13":
  version "3.3.13"
  resolved "https://registry.yarnpkg.com/@vue/reactivity/-/reactivity-3.3.13.tgz#9b1dff3b523a69997b66cba2f86f83839e8285fb"
  integrity sha512-fjzCxceMahHhi4AxUBzQqqVhuA21RJ0COaWTbIBl1PruGW1CeY97louZzLi4smpYx+CHfFPPU/CS8NybbGvPKQ==
  dependencies:
    "@vue/shared" "3.3.13"

"@vue/runtime-core@3.3.13":
  version "3.3.13"
  resolved "https://registry.yarnpkg.com/@vue/runtime-core/-/runtime-core-3.3.13.tgz#e8414218e8c7db94acfcec6fd12044704adda9cf"
  integrity sha512-1TzA5TvGuh2zUwMJgdfvrBABWZ7y8kBwBhm7BXk8rvdx2SsgcGfz2ruv2GzuGZNvL1aKnK8CQMV/jFOrxNQUMA==
  dependencies:
    "@vue/reactivity" "3.3.13"
    "@vue/shared" "3.3.13"

"@vue/runtime-dom@3.3.13":
  version "3.3.13"
  resolved "https://registry.yarnpkg.com/@vue/runtime-dom/-/runtime-dom-3.3.13.tgz#36b42b479d5a394972f305ca8e95c5f648bf55ef"
  integrity sha512-JJkpE8R/hJKXqVTgUoODwS5wqKtOsmJPEqmp90PDVGygtJ4C0PtOkcEYXwhiVEmef6xeXcIlrT3Yo5aQ4qkHhQ==
  dependencies:
    "@vue/runtime-core" "3.3.13"
    "@vue/shared" "3.3.13"
    csstype "^3.1.3"

"@vue/server-renderer@3.3.13":
  version "3.3.13"
  resolved "https://registry.yarnpkg.com/@vue/server-renderer/-/server-renderer-3.3.13.tgz#fccdd0787798173be8929f40f23161c17b60ed36"
  integrity sha512-vSnN+nuf6iSqTL3Qgx/9A+BT+0Zf/VJOgF5uMZrKjYPs38GMYyAU1coDyBNHauehXDaP+zl73VhwWv0vBRBHcg==
  dependencies:
    "@vue/compiler-ssr" "3.3.13"
    "@vue/shared" "3.3.13"

"@vue/shared@3.3.13":
  version "3.3.13"
  resolved "https://registry.yarnpkg.com/@vue/shared/-/shared-3.3.13.tgz#4cb73cda958d77ffd389c8640cf7d93a10ac676f"
  integrity sha512-/zYUwiHD8j7gKx2argXEMCUXVST6q/21DFU0sTfNX0URJroCe3b1UF6vLJ3lQDfLNIiiRl2ONp7Nh5UVWS6QnA==

change-case@^5.4.4:
  version "5.4.4"
  resolved "https://registry.npmmirror.com/change-case/-/change-case-5.4.4.tgz#0d52b507d8fb8f204343432381d1a6d7bff97a02"
  integrity sha512-HRQyTk2/YPEkt9TnUPbOpr64Uw3KOicFWPVBb+xiHvd6eBx/qPr9xqfBFDT8P2vWsvvz4jbEkfDe71W3VyNu2w==

chokidar@^5.0.0:
  version "5.0.0"
  resolved "https://registry.npmmirror.com/chokidar/-/chokidar-5.0.0.tgz#949c126a9238a80792be9a0265934f098af369a5"
  integrity sha512-TQMmc3w+5AxjpL8iIiwebF73dRDF4fBIieAqGn9RGCWaEVwQ6Fb2cGe31Yns0RRIzii5goJ1Y7xbMwo1TxMplw==
  dependencies:
    readdirp "^5.0.0"

csstype@3.2.3:
  version "3.2.3"
  resolved "https://registry.npmmirror.com/csstype/-/csstype-3.2.3.tgz#ec48c0f3e993e50648c86da559e2610995cf989a"
  integrity sha512-z1HGKcYy2xA8AGQfwrn0PAy+PB7X/GSj3UVJW9qKyn43xWa+gl5nXmU4qqLMRzWVLFC8KusUX8T/0kCiOYpAIQ==

csstype@^3.1.3:
  version "3.1.3"
  resolved "https://registry.yarnpkg.com/csstype/-/csstype-3.1.3.tgz#d80ff294d114fb0e6ac500fbf85b60137d7eff81"
  integrity sha512-M1uQkMl8rQK/szD0LNhtqxIPLpimGm8sOBwU7lLnCpSbTyY3yeU1Vc7l4KT5zT4s/yOxHH5O7tIuuLOCnLADRw==

debug@4.4.3:
  version "4.4.3"
  resolved "https://registry.npmmirror.com/debug/-/debug-4.4.3.tgz#c6ae432d9bd9662582fce08709b038c58e9e3d6a"
  integrity sha512-RGwwWnwQvkVfavKVt22FGLw+xYSdzARwm0ru6DhTVA3umU5hZc28V3kO4stgYryrTlLpuvgI9GiijltAjNbcqA==
  dependencies:
    ms "^2.1.3"

deepmerge@4.3.1:
  version "4.3.1"
  resolved "https://registry.npmmirror.com/deepmerge/-/deepmerge-4.3.1.tgz#44b5f2147cd3b00d4b56137685966f26fd25dd4a"
  integrity sha512-3sUqbMEc77XqpdNO7FRyRog+eW3ph+GYCbj+rK+uYyRMuwsVy0rMiVtPn+QJlKFvWP/1PYpapqYn0Me2knFn+A==

detect-libc@^2.0.3:
  version "2.1.2"
  resolved "https://registry.npmmirror.com/detect-libc/-/detect-libc-2.1.2.tgz#689c5dcdc1900ef5583a4cb9f6d7b473742074ad"
  integrity sha512-Btj2BOOO83o3WyH59e8MgXsxEQVcarkUOpEYrubB0urwnN10yQ364rsiByU11nZlqWYZm05i/of7io4mzihBtQ==

dompurify@3.3.3:
  version "3.3.3"
  resolved "https://registry.npmmirror.com/dompurify/-/dompurify-3.3.3.tgz#680cae8af3e61320ddf3666a3bc843f7b291b2b6"
  integrity sha512-Oj6pzI2+RqBfFG+qOaOLbFXLQ90ARpcGG6UePL82bJLtdsa6CYJD7nmiU8MW9nQNOtCHV3lZ/Bzq1X0QYbBZCA==
  optionalDependencies:
    "@types/trusted-types" "^2.0.7"

esbuild-android-64@0.14.54:
  version "0.14.54"
  resolved "https://registry.yarnpkg.com/esbuild-android-64/-/esbuild-android-64-0.14.54.tgz#505f41832884313bbaffb27704b8bcaa2d8616be"
  integrity sha512-Tz2++Aqqz0rJ7kYBfz+iqyE3QMycD4vk7LBRyWaAVFgFtQ/O8EJOnVmTOiDWYZ/uYzB4kvP+bqejYdVKzE5lAQ==

esbuild-android-arm64@0.14.54:
  version "0.14.54"
  resolved "https://registry.yarnpkg.com/esbuild-android-arm64/-/esbuild-android-arm64-0.14.54.tgz#8ce69d7caba49646e009968fe5754a21a9871771"
  integrity sha512-F9E+/QDi9sSkLaClO8SOV6etqPd+5DgJje1F9lOWoNncDdOBL2YF59IhsWATSt0TLZbYCf3pNlTHvVV5VfHdvg==

esbuild-darwin-64@0.14.54:
  version "0.14.54"
  resolved "https://registry.yarnpkg.com/esbuild-darwin-64/-/esbuild-darwin-64-0.14.54.tgz#24ba67b9a8cb890a3c08d9018f887cc221cdda25"
  integrity sha512-jtdKWV3nBviOd5v4hOpkVmpxsBy90CGzebpbO9beiqUYVMBtSc0AL9zGftFuBon7PNDcdvNCEuQqw2x0wP9yug==

esbuild-darwin-arm64@0.14.54:
  version "0.14.54"
  resolved "https://registry.yarnpkg.com/esbuild-darwin-arm64/-/esbuild-darwin-arm64-0.14.54.tgz#3f7cdb78888ee05e488d250a2bdaab1fa671bf73"
  integrity sha512-OPafJHD2oUPyvJMrsCvDGkRrVCar5aVyHfWGQzY1dWnzErjrDuSETxwA2HSsyg2jORLY8yBfzc1MIpUkXlctmw==

esbuild-freebsd-64@0.14.54:
  version "0.14.54"
  resolved "https://registry.yarnpkg.com/esbuild-freebsd-64/-/esbuild-freebsd-64-0.14.54.tgz#09250f997a56ed4650f3e1979c905ffc40bbe94d"
  integrity sha512-OKwd4gmwHqOTp4mOGZKe/XUlbDJ4Q9TjX0hMPIDBUWWu/kwhBAudJdBoxnjNf9ocIB6GN6CPowYpR/hRCbSYAg==

esbuild-freebsd-arm64@0.14.54:
  version "0.14.54"
  resolved "https://registry.yarnpkg.com/esbuild-freebsd-arm64/-/esbuild-freebsd-arm64-0.14.54.tgz#bafb46ed04fc5f97cbdb016d86947a79579f8e48"
  integrity sha512-sFwueGr7OvIFiQT6WeG0jRLjkjdqWWSrfbVwZp8iMP+8UHEHRBvlaxL6IuKNDwAozNUmbb8nIMXa7oAOARGs1Q==

esbuild-linux-32@0.14.54:
  version "0.14.54"
  resolved "https://registry.yarnpkg.com/esbuild-linux-32/-/esbuild-linux-32-0.14.54.tgz#e2a8c4a8efdc355405325033fcebeb941f781fe5"
  integrity sha512-1ZuY+JDI//WmklKlBgJnglpUL1owm2OX+8E1syCD6UAxcMM/XoWd76OHSjl/0MR0LisSAXDqgjT3uJqT67O3qw==

esbuild-linux-64@0.14.54:
  version "0.14.54"
  resolved "https://registry.yarnpkg.com/esbuild-linux-64/-/esbuild-linux-64-0.14.54.tgz#de5fdba1c95666cf72369f52b40b03be71226652"
  integrity sha512-EgjAgH5HwTbtNsTqQOXWApBaPVdDn7XcK+/PtJwZLT1UmpLoznPd8c5CxqsH2dQK3j05YsB3L17T8vE7cp4cCg==

esbuild-linux-arm64@0.14.54:
  version "0.14.54"
  resolved "https://registry.yarnpkg.com/esbuild-linux-arm64/-/esbuild-linux-arm64-0.14.54.tgz#dae4cd42ae9787468b6a5c158da4c84e83b0ce8b"
  integrity sha512-WL71L+0Rwv+Gv/HTmxTEmpv0UgmxYa5ftZILVi2QmZBgX3q7+tDeOQNqGtdXSdsL8TQi1vIaVFHUPDe0O0kdig==

esbuild-linux-arm@0.14.54:
  version "0.14.54"
  resolved "https://registry.yarnpkg.com/esbuild-linux-arm/-/esbuild-linux-arm-0.14.54.tgz#a2c1dff6d0f21dbe8fc6998a122675533ddfcd59"
  integrity sha512-qqz/SjemQhVMTnvcLGoLOdFpCYbz4v4fUo+TfsWG+1aOu70/80RV6bgNpR2JCrppV2moUQkww+6bWxXRL9YMGw==

esbuild-linux-mips64le@0.14.54:
  version "0.14.54"
  resolved "https://registry.yarnpkg.com/esbuild-linux-mips64le/-/esbuild-linux-mips64le-0.14.54.tgz#d9918e9e4cb972f8d6dae8e8655bf9ee131eda34"
  integrity sha512-qTHGQB8D1etd0u1+sB6p0ikLKRVuCWhYQhAHRPkO+OF3I/iSlTKNNS0Lh2Oc0g0UFGguaFZZiPJdJey3AGpAlw==

esbuild-linux-ppc64le@0.14.54:
  version "0.14.54"
  resolved "https://registry.yarnpkg.com/esbuild-linux-ppc64le/-/esbuild-linux-ppc64le-0.14.54.tgz#3f9a0f6d41073fb1a640680845c7de52995f137e"
  integrity sha512-j3OMlzHiqwZBDPRCDFKcx595XVfOfOnv68Ax3U4UKZ3MTYQB5Yz3X1mn5GnodEVYzhtZgxEBidLWeIs8FDSfrQ==

esbuild-linux-riscv64@0.14.54:
  version "0.14.54"
  resolved "https://registry.yarnpkg.com/esbuild-linux-riscv64/-/esbuild-linux-riscv64-0.14.54.tgz#618853c028178a61837bc799d2013d4695e451c8"
  integrity sha512-y7Vt7Wl9dkOGZjxQZnDAqqn+XOqFD7IMWiewY5SPlNlzMX39ocPQlOaoxvT4FllA5viyV26/QzHtvTjVNOxHZg==

esbuild-linux-s390x@0.14.54:
  version "0.14.54"
  resolved "https://registry.yarnpkg.com/esbuild-linux-s390x/-/esbuild-linux-s390x-0.14.54.tgz#d1885c4c5a76bbb5a0fe182e2c8c60eb9e29f2a6"
  integrity sha512-zaHpW9dziAsi7lRcyV4r8dhfG1qBidQWUXweUjnw+lliChJqQr+6XD71K41oEIC3Mx1KStovEmlzm+MkGZHnHA==

esbuild-netbsd-64@0.14.54:
  version "0.14.54"
  resolved "https://registry.yarnpkg.com/esbuild-netbsd-64/-/esbuild-netbsd-64-0.14.54.tgz#69ae917a2ff241b7df1dbf22baf04bd330349e81"
  integrity sha512-PR01lmIMnfJTgeU9VJTDY9ZerDWVFIUzAtJuDHwwceppW7cQWjBBqP48NdeRtoP04/AtO9a7w3viI+PIDr6d+w==

esbuild-openbsd-64@0.14.54:
  version "0.14.54"
  resolved "https://registry.yarnpkg.com/esbuild-openbsd-64/-/esbuild-openbsd-64-0.14.54.tgz#db4c8495287a350a6790de22edea247a57c5d47b"
  integrity sha512-Qyk7ikT2o7Wu76UsvvDS5q0amJvmRzDyVlL0qf5VLsLchjCa1+IAvd8kTBgUxD7VBUUVgItLkk609ZHUc1oCaw==

esbuild-sunos-64@0.14.54:
  version "0.14.54"
  resolved "https://registry.yarnpkg.com/esbuild-sunos-64/-/esbuild-sunos-64-0.14.54.tgz#54287ee3da73d3844b721c21bc80c1dc7e1bf7da"
  integrity sha512-28GZ24KmMSeKi5ueWzMcco6EBHStL3B6ubM7M51RmPwXQGLe0teBGJocmWhgwccA1GeFXqxzILIxXpHbl9Q/Kw==

esbuild-windows-32@0.14.54:
  version "0.14.54"
  resolved "https://registry.yarnpkg.com/esbuild-windows-32/-/esbuild-windows-32-0.14.54.tgz#f8aaf9a5667630b40f0fb3aa37bf01bbd340ce31"
  integrity sha512-T+rdZW19ql9MjS7pixmZYVObd9G7kcaZo+sETqNH4RCkuuYSuv9AGHUVnPoP9hhuE1WM1ZimHz1CIBHBboLU7w==

esbuild-windows-64@0.14.54:
  version "0.14.54"
  resolved "https://registry.yarnpkg.com/esbuild-windows-64/-/esbuild-windows-64-0.14.54.tgz#bf54b51bd3e9b0f1886ffdb224a4176031ea0af4"
  integrity sha512-AoHTRBUuYwXtZhjXZbA1pGfTo8cJo3vZIcWGLiUcTNgHpJJMC1rVA44ZereBHMJtotyN71S8Qw0npiCIkW96cQ==

esbuild-windows-arm64@0.14.54:
  version "0.14.54"
  resolved "https://registry.yarnpkg.com/esbuild-windows-arm64/-/esbuild-windows-arm64-0.14.54.tgz#937d15675a15e4b0e4fafdbaa3a01a776a2be982"
  integrity sha512-M0kuUvXhot1zOISQGXwWn6YtS+Y/1RT9WrVIOywZnJHo3jCDyewAc79aKNQWFCQm+xNHVTq9h8dZKvygoXQQRg==

esbuild@^0.14.27:
  version "0.14.54"
  resolved "https://registry.yarnpkg.com/esbuild/-/esbuild-0.14.54.tgz#8b44dcf2b0f1a66fc22459943dccf477535e9aa2"
  integrity sha512-Cy9llcy8DvET5uznocPyqL3BFRrFXSVqbgpMJ9Wz8oVjZlh/zUSNbPRbov0VX7VxN2JH1Oa0uNxZ7eLRb62pJA==
  optionalDependencies:
    "@esbuild/linux-loong64" "0.14.54"
    esbuild-android-64 "0.14.54"
    esbuild-android-arm64 "0.14.54"
    esbuild-darwin-64 "0.14.54"
    esbuild-darwin-arm64 "0.14.54"
    esbuild-freebsd-64 "0.14.54"
    esbuild-freebsd-arm64 "0.14.54"
    esbuild-linux-32 "0.14.54"
    esbuild-linux-64 "0.14.54"
    esbuild-linux-arm "0.14.54"
    esbuild-linux-arm64 "0.14.54"
    esbuild-linux-mips64le "0.14.54"
    esbuild-linux-ppc64le "0.14.54"
    esbuild-linux-riscv64 "0.14.54"
    esbuild-linux-s390x "0.14.54"
    esbuild-netbsd-64 "0.14.54"
    esbuild-openbsd-64 "0.14.54"
    esbuild-sunos-64 "0.14.54"
    esbuild-windows-32 "0.14.54"
    esbuild-windows-64 "0.14.54"
    esbuild-windows-arm64 "0.14.54"

estree-walker@^2.0.2:
  version "2.0.2"
  resolved "https://registry.yarnpkg.com/estree-walker/-/estree-walker-2.0.2.tgz#52f010178c2a4c117a7757cfe942adb7d2da4cac"
  integrity sha512-Rfkk/Mp/DL7JVje3u18FxFujQlTNR2q6QfMSMB7AvCBx91NGj/ba3kCfza0f6dVDbw7YlRf/nDrn7pQrCCyQ/w==

eventemitter3@5.0.4:
  version "5.0.4"
  resolved "https://registry.npmmirror.com/eventemitter3/-/eventemitter3-5.0.4.tgz#a86d66170433712dde814707ac52b5271ceb1feb"
  integrity sha512-mlsTRyGaPBjPedk6Bvw+aqbsXDtoAyAzm5MO7JgU+yVRyMQ5O8bD4Kcci7BS85f93veegeCPkL8R4GLClnjLFw==

fast-deep-equal@3.1.3:
  version "3.1.3"
  resolved "https://registry.yarnpkg.com/fast-deep-equal/-/fast-deep-equal-3.1.3.tgz#3a7d56b559d6cbc3eb512325244e619a65c6c525"
  integrity sha512-f3qQ9oQy9j2AhBe/H9VC91wLmKBCCU/gDOnKNAYG5hswO7BLKj09Hc5HYNz9cGI++xlpDCIgDaitVs03ATR84Q==

fsevents@~2.3.2:
  version "2.3.3"
  resolved "https://registry.yarnpkg.com/fsevents/-/fsevents-2.3.3.tgz#cac6407785d03675a2a5e1a5305c697b347d90d6"
  integrity sha512-5xoDfX+fL7faATnagmWPpbFtwh/R77WmMMqqHGS65C3vvB0YHrgF+B1YmZ3441tMj5n63k0212XNoJwzlhffQw==

function-bind@^1.1.2:
  version "1.1.2"
  resolved "https://registry.yarnpkg.com/function-bind/-/function-bind-1.1.2.tgz#2c02d864d97f3ea6c8830c464cbd11ab6eab7a1c"
  integrity sha512-7XHNxH7qX9xG5mIwxkhumTox/MIRNcOgDrxWsMt2pAr23WHp6MrRlN7FBSFpCpr+oVO0F744iUgR82nJMfG2SA==

fuse.js@^6.6.2:
  version "6.6.2"
  resolved "https://registry.npmmirror.com/fuse.js/-/fuse.js-6.6.2.tgz#fe463fed4b98c0226ac3da2856a415576dc9a111"
  integrity sha512-cJaJkxCCxC8qIIcPBF9yGxY0W/tVZS3uEISDxhYIdtk8OL93pe+6Zj7LjCqVV4dzbqcriOZ+kQ/NE4RXZHsIGA==

hasown@^2.0.0:
  version "2.0.0"
  resolved "https://registry.yarnpkg.com/hasown/-/hasown-2.0.0.tgz#f4c513d454a57b7c7e1650778de226b11700546c"
  integrity sha512-vUptKVTpIJhcczKBbgnS+RtcuYMB8+oNzPK2/Hp3hanz8JmpATdmmgLgSaadVREkDm+e2giHwY3ZRkyjSIDDFA==
  dependencies:
    function-bind "^1.1.2"

immutable@^5.1.5:
  version "5.1.9"
  resolved "https://registry.npmmirror.com/immutable/-/immutable-5.1.9.tgz#ac23c3a01992ab665e14ac9ffff298f28cd74a0c"
  integrity sha512-m8nVez3rwrgmWxtLMt1ZYXB2Lv7OKYn/disyxAlSDYAlKSlFoPPfIAmAM/M5xqL4m4C/wAPw7S2/CNaUii1Hxg==

inherits@2.0.3:
  version "2.0.3"
  resolved "https://registry.yarnpkg.com/inherits/-/inherits-2.0.3.tgz#633c2c83e3da42a502f52466022480f4208261de"
  integrity sha512-x00IRNXNy63jwGkJmzPigoySHbaqpNuzKbBOmzK+g2OdZpQ9w+sxCN+VSB3ja7IAge2OP2qpfxTjeNcyjmW1uw==

is-core-module@^2.13.0:
  version "2.13.1"
  resolved "https://registry.yarnpkg.com/is-core-module/-/is-core-module-2.13.1.tgz#ad0d7532c6fea9da1ebdc82742d74525c6273384"
  integrity sha512-hHrIjvZsftOsvKSn2TRYl63zvxsgE0K+0mYMoH6gD4omR5IWB2KynivBQczo3+wF1cCkjzvptnI9Q0sPU66ilw==
  dependencies:
    hasown "^2.0.0"

is-extglob@^2.1.1:
  version "2.1.1"
  resolved "https://registry.npmmirror.com/is-extglob/-/is-extglob-2.1.1.tgz#a88c02535791f02ed37c76a1b9ea9773c833f8c2"
  integrity sha512-SbKbANkN603Vi4jEZv49LeVJMn4yGwsbzZworEoyEiutsN3nJYdbO36zfhGJ6QEDpOZIFkDtnq5JRxmvl3jsoQ==

is-glob@^4.0.3:
  version "4.0.3"
  resolved "https://registry.npmmirror.com/is-glob/-/is-glob-4.0.3.tgz#64f61e42cbbb2eec2071a9dac0b28ba1e65d5084"
  integrity sha512-xelSayHH36ZgE7ZWhli7pW34hNbNl8Ojv5KVmkJD4hBdD3th8Tfk9vYasLM+mXWOZhFkgZfxhLSnrwRr4elSSg==
  dependencies:
    is-extglob "^2.1.1"

lodash-es@4.17.23:
  version "4.17.23"
  resolved "https://registry.npmmirror.com/lodash-es/-/lodash-es-4.17.23.tgz#58c4360fd1b5d33afc6c0bbd3d1149349b1138e0"
  integrity sha512-kVI48u3PZr38HdYz98UmfPnXl2DXrpdctLrFLCd3kOx1xUkOmpFPx7gCWWM5MPkL/fD8zb+Ph0QzjGFs4+hHWg==

magic-string@^0.30.5:
  version "0.30.5"
  resolved "https://registry.yarnpkg.com/magic-string/-/magic-string-0.30.5.tgz#1994d980bd1c8835dc6e78db7cbd4ae4f24746f9"
  integrity sha512-7xlpfBaQaP/T6Vh8MO/EqXSW5En6INHEvEXQiuff7Gku0PWjU3uf6w/j9o7O+SpB5fOAkrI5HeoNgwjEO0pFsA==
  dependencies:
    "@jridgewell/sourcemap-codec" "^1.4.15"

mitt@^2.1.0:
  version "2.1.0"
  resolved "https://registry.yarnpkg.com/mitt/-/mitt-2.1.0.tgz#f740577c23176c6205b121b2973514eade1b2230"
  integrity sha512-ILj2TpLiysu2wkBbWjAmww7TkZb65aiQO+DkVdUTBpBXq+MHYiETENkKFMtsJZX1Lf4pe4QOrTSjIfUwN5lRdg==

ms@^2.1.3:
  version "2.1.3"
  resolved "https://registry.yarnpkg.com/ms/-/ms-2.1.3.tgz#574c8138ce1d2b5861f0b44579dbadd60c6615b2"
  integrity sha512-6FlzubTLZG3J2a/NVCAleEhjzq5oxgHyaCU9yYXvcLsvoVaHJq/s5xXI6/XXP6tz7R9xAOtHnSO/tXtF3WRTlA==

nanoid@^3.3.7:
  version "3.3.7"
  resolved "https://registry.yarnpkg.com/nanoid/-/nanoid-3.3.7.tgz#d0c301a691bc8d54efa0a2226ccf3fe2fd656bd8"
  integrity sha512-eSRppjcPIatRIMC1U6UngP8XFcz8MQWGQdt1MTBQ7NaAmvXDfvNxbvWV3x2y6CdEUciCSsDHDQZbhYaB8QEo2g==

node-addon-api@^7.0.0:
  version "7.1.1"
  resolved "https://registry.npmmirror.com/node-addon-api/-/node-addon-api-7.1.1.tgz#1aba6693b0f255258a049d621329329322aad558"
  integrity sha512-5m3bsyrjFWE1xf7nz7YXdN4udnVtXK6/Yfgn5qnahL6bCkf2yKt4k3nuTKAtT4r3IG8JNR2ncsIMdZuAzJjHQQ==

path-parse@^1.0.7:
  version "1.0.7"
  resolved "https://registry.yarnpkg.com/path-parse/-/path-parse-1.0.7.tgz#fbc114b60ca42b30d9daf5858e4bd68bbedb6735"
  integrity sha512-LDJzPVEEEPR+y48z93A0Ed0yXb8pAByGWo/k5YYdYgpY2/2EsOsksJrq7lOHxryrVOn1ejG6oAp8ahvOIQD8sw==

path@0.12.7:
  version "0.12.7"
  resolved "https://registry.yarnpkg.com/path/-/path-0.12.7.tgz#d4dc2a506c4ce2197eb481ebfcd5b36c0140b10f"
  integrity sha512-aXXC6s+1w7otVF9UletFkFcDsJeO7lSZBPUQhtb5O0xJe8LtYhj/GxldoL09bBj9+ZmE2hNoHqQSFMN5fikh4Q==
  dependencies:
    process "^0.11.1"
    util "^0.10.3"

picocolors@^1.0.0:
  version "1.0.0"
  resolved "https://registry.yarnpkg.com/picocolors/-/picocolors-1.0.0.tgz#cb5bdc74ff3f51892236eaf79d68bc44564ab81c"
  integrity sha512-1fygroTLlHu66zi26VoTDv8yRgm0Fccecssto+MhsZ0D/DGW2sm8E8AjW7NU5VVTRt5GxbeZ5qBuJr+HyLYkjQ==

picomatch@^4.0.4:
  version "4.0.7"
  resolved "https://registry.npmmirror.com/picomatch/-/picomatch-4.0.7.tgz#6313360034ccb36b3dc61ecbdff78121f90fe21f"
  integrity sha512-qcJu88Q2IWqJsDD529JKMdwGm/dvInW4HvQnRwiH9JtihJvzGOscDtHE3x1pBKeUOTysQ8kVmLnJ2kJu7yhcGA==

postcss@^8.4.13, postcss@^8.4.32:
  version "8.4.32"
  resolved "https://registry.yarnpkg.com/postcss/-/postcss-8.4.32.tgz#1dac6ac51ab19adb21b8b34fd2d93a86440ef6c9"
  integrity sha512-D/kj5JNu6oo2EIy+XL/26JEDTlIbB8hw85G8StOE6L74RQAVVP5rej6wxCNqyMbR4RkPfqvezVbPw81Ngd6Kcw==
  dependencies:
    nanoid "^3.3.7"
    picocolors "^1.0.0"
    source-map-js "^1.0.2"

process@^0.11.1:
  version "0.11.10"
  resolved "https://registry.yarnpkg.com/process/-/process-0.11.10.tgz#7332300e840161bda3e69a1d1d91a7d4bc16f182"
  integrity sha512-cdGef/drWFoydD1JsMzuFf8100nZl+GT+yacc2bEced5f9Rjk4z+WtFUTBu9PhOi9j/jfmBPu0mMEY4wIdAF8A==

readdirp@^5.0.0:
  version "5.1.1"
  resolved "https://registry.npmmirror.com/readdirp/-/readdirp-5.1.1.tgz#520bca06f9d1ae1b96cc0800dbe84b983d19422c"
  integrity sha512-Kko+Y5XQ6fM+Ce3dq3m9YGxnacYZYl9cA1wZjaF3Vbry2L3i1qVg8+CAgNPsXRArPMUMCaOR7oa9Nqntc43JKA==

resolve@^1.22.0:
  version "1.22.8"
  resolved "https://registry.yarnpkg.com/resolve/-/resolve-1.22.8.tgz#b6c87a9f2aa06dfab52e3d70ac8cde321fa5a48d"
  integrity sha512-oKWePCxqpd6FlLvGV1VU0x7bkPmmCNolxzjMf4NczoDnQcIWrAF+cPtZn5i6n+RfD2d9i0tzpKnG6Yk168yIyw==
  dependencies:
    is-core-module "^2.13.0"
    path-parse "^1.0.7"
    supports-preserve-symlinks-flag "^1.0.0"

"rollup@>=2.59.0 <2.78.0":
  version "2.77.3"
  resolved "https://registry.yarnpkg.com/rollup/-/rollup-2.77.3.tgz#8f00418d3a2740036e15deb653bed1a90ee0cc12"
  integrity sha512-/qxNTG7FbmefJWoeeYJFbHehJ2HNWnjkAFRKzWN/45eNBBF/r8lo992CwcJXEzyVxs5FmfId+vTSTQDb+bxA+g==
  optionalDependencies:
    fsevents "~2.3.2"

sass@^1.104.1:
  version "1.104.1"
  resolved "https://registry.npmmirror.com/sass/-/sass-1.104.1.tgz#29a4bdb33c48a8bb656e300a33afcafbfcbc8491"
  integrity sha512-yDA+1aIG3EHgN4V/BvuhCvu61FF6hEd4e+9DxikUm9U0CAGuvdIZ/UYy7qbOxjhbbWQraoyLlMuzdRGOSV5Bmw==
  dependencies:
    chokidar "^5.0.0"
    immutable "^5.1.5"
    source-map-js ">=0.6.2 <2.0.0"
  optionalDependencies:
    "@parcel/watcher" "^2.4.1"

"source-map-js@>=0.6.2 <2.0.0":
  version "1.2.1"
  resolved "https://registry.npmmirror.com/source-map-js/-/source-map-js-1.2.1.tgz#1ce5650fddd87abc099eda37dcff024c2667ae46"
  integrity sha512-UXWMKhLOwVKb728IUtQPXxfYU+usdybtUrK/8uGE8CQMvrhOpwvzDBwj0QhSL7MQc7vIsISBG8VQ8+IDQxpfQA==

source-map-js@^1.0.2:
  version "1.0.2"
  resolved "https://registry.yarnpkg.com/source-map-js/-/source-map-js-1.0.2.tgz#adbc361d9c62df380125e7f161f71c826f1e490c"
  integrity sha512-R0XvVJ9WusLiqTCEiGCmICCMplcCkIwwR11mOSD9CR5u+IXYdiseeEuXCVAjS54zqwkLcPNnmU4OeJ6tUrWhDw==

supports-preserve-symlinks-flag@^1.0.0:
  version "1.0.0"
  resolved "https://registry.yarnpkg.com/supports-preserve-symlinks-flag/-/supports-preserve-symlinks-flag-1.0.0.tgz#6eda4bd344a3c94aea376d4cc31bc77311039e09"
  integrity sha512-ot0WnXS9fgdkgIcePe6RHNk1WA8+muPa6cSjeR3V8K27q9BB1rTE3R1p7Hv0z1ZyAc8s6Vvv8DIyWf681MAt0w==

util@^0.10.3:
  version "0.10.4"
  resolved "https://registry.yarnpkg.com/util/-/util-0.10.4.tgz#3aa0125bfe668a4672de58857d3ace27ecb76901"
  integrity sha512-0Pm9hTQ3se5ll1XihRic3FDIku70C+iHUdT/W926rSgHV5QgXsYbKZN8MSC3tJtSkhuROzvsQjAaFENRXr+19A==
  dependencies:
    inherits "2.0.3"

vite@^2.9.5:
  version "2.9.16"
  resolved "https://registry.yarnpkg.com/vite/-/vite-2.9.16.tgz#daf7ba50f5cc37a7bf51b118ba06bc36e97898e9"
  integrity sha512-X+6q8KPyeuBvTQV8AVSnKDvXoBMnTx8zxh54sOwmmuOdxkjMmEJXH2UEchA+vTMps1xw9vL64uwJOWryULg7nA==
  dependencies:
    esbuild "^0.14.27"
    postcss "^8.4.13"
    resolve "^1.22.0"
    rollup ">=2.59.0 <2.78.0"
  optionalDependencies:
    fsevents "~2.3.2"

vue-observe-visibility@^2.0.0-alpha.1:
  version "2.0.0-alpha.1"
  resolved "https://registry.yarnpkg.com/vue-observe-visibility/-/vue-observe-visibility-2.0.0-alpha.1.tgz#1e4eda7b12562161d58984b7e0dea676d83bdb13"
  integrity sha512-flFbp/gs9pZniXR6fans8smv1kDScJ8RS7rEpMjhVabiKeq7Qz3D9+eGsypncjfIyyU84saU88XZ0zjbD6Gq/g==

vue-resize@^2.0.0-alpha.1:
  version "2.0.0-alpha.1"
  resolved "https://registry.yarnpkg.com/vue-resize/-/vue-resize-2.0.0-alpha.1.tgz#43eeb79e74febe932b9b20c5c57e0ebc14e2df3a"
  integrity sha512-7+iqOueLU7uc9NrMfrzbG8hwMqchfVfSzpVlCMeJQe4pyibqyoifDNbKTZvwxZKDvGkB+PdFeKvnGZMoEb8esg==

vue-virtual-scroller@^2.0.0-beta.8:
  version "2.0.0-beta.8"
  resolved "https://registry.yarnpkg.com/vue-virtual-scroller/-/vue-virtual-scroller-2.0.0-beta.8.tgz#eeceda57e4faa5ba1763994c873923e2a956898b"
  integrity sha512-b8/f5NQ5nIEBRTNi6GcPItE4s7kxNHw2AIHLtDp+2QvqdTjVN0FgONwX9cr53jWRgnu+HRLPaWDOR2JPI5MTfQ==
  dependencies:
    mitt "^2.1.0"
    vue-observe-visibility "^2.0.0-alpha.1"
    vue-resize "^2.0.0-alpha.1"

vue@^3.2.33:
  version "3.3.13"
  resolved "https://registry.yarnpkg.com/vue/-/vue-3.3.13.tgz#f03098fa1b4e7cc88c133bef92260b55e3767002"
  integrity sha512-LDnUpQvDgsfc0u/YgtAgTMXJlJQqjkxW1PVcOnJA5cshPleULDjHi7U45pl2VJYazSSvLH8UKcid/kzH8I0a0Q==
  dependencies:
    "@vue/compiler-dom" "3.3.13"
    "@vue/compiler-sfc" "3.3.13"
    "@vue/runtime-dom" "3.3.13"
    "@vue/server-renderer" "3.3.13"
    "@vue/shared" "3.3.13"
